
Microsoft Visual Studio Solution File, Format Version 12.00
# Visual Studio Version 16
VisualStudioVersion = 16.0.29509.3
MinimumVisualStudioVersion = 10.0.40219.1
Project("{FAE04EC0-301F-11D3-BF4B-00C04F79EFBC}") = "OverloadOperator", "OverloadOperator.csproj", "{164D18DB-9989-4D3F-8C33-03F5B27931EC}"
EndProject
Global
	GlobalSection(SolutionConfigurationPlatforms) = preSolution
		Debug|Any CPU = Debug|Any CPU
		Release|Any CPU = Release|Any CPU
	EndGlobalSection
	GlobalSection(ProjectConfigurationPlatforms) = postSolution
		{164D18DB-9989-4D3F-8C33-03F5B27931EC}.Debug|Any CPU.ActiveCfg = Debug|Any CPU
		{164D18DB-9989-4D3F-8C33-03F5B27931EC}.Debug|Any CPU.Build.0 = Debug|Any CPU
		{164D18DB-9989-4D3F-8C33-03F5B27931EC}.Release|Any CPU.ActiveCfg = Release|Any CPU
		{164D18DB-9989-4D3F-8C33-03F5B27931EC}.Release|Any CPU.Build.0 = Release|Any CPU
	EndGlobalSection
	GlobalSection(SolutionProperties) = preSolution
		HideSolutionNode = FALSE
	EndGlobalSection
	GlobalSection(ExtensibilityGlobals) = postSolution
		SolutionGuid = {BAD957D2-46B5-4686-8715-168EA9362FF2}
	EndGlobalSection
EndGlobal
